
Microsoft Visual Studio Solution File, Format Version 12.00
# Visual Studio Version 17
VisualStudioVersion = 17.4.33205.214
MinimumVisualStudioVersion = 10.0.40219.1
Project("{9A19103F-16F7-4668-BE54-9A1E7A4F7556}") = "BibleQuiz.API", "BibleQuiz.API\BibleQuiz.API.csproj", "{37B6982E-659B-4474-A864-6CB70269CFF5}"
EndProject
Project("{2150E333-8FDC-42A3-9474-1A3956D46DE8}") = "Solution Items", "Solution Items", "{1659C8E3-66B4-4CDB-84DF-A39BF2F0AFFB}"
	ProjectSection(SolutionItems) = preProject
		docker-compose.yml = docker-compose.yml
	EndProjectSection
EndProject
Project("{9A19103F-16F7-4668-BE54-9A1E7A4F7556}") = "BibleQuiz.Domain", "BibleQuiz.Domain\BibleQuiz.Domain.csproj", "{B397C14B-D49E-415A-A298-FD403A65D37D}"
EndProject
Project("{9A19103F-16F7-4668-BE54-9A1E7A4F7556}") = "BibleQuiz.Infrastructure", "BibleQuiz.Infrastructure\BibleQuiz.Infrastructure.csproj", "{1D8226FE-CD9D-4CDC-9599-A2D1C0E6262E}"
EndProject
Project("{9A19103F-16F7-4668-BE54-9A1E7A4F7556}") = "BibleQuiz.Application", "BibleQuiz.Application\BibleQuiz.Application.csproj", "{FE7BD017-090E-4363-BC59-3CFBD58C344D}"
EndProject
Project("{9A19103F-16F7-4668-BE54-9A1E7A4F7556}") = "BibleQuiz.UnitTests", "BibleQuiz.UnitTests\BibleQuiz.UnitTests.csproj", "{D91E6334-A6FB-443C-93C8-587E7FA670F0}"
EndProject
Project("{9A19103F-16F7-4668-BE54-9A1E7A4F7556}") = "BibleQuiz.Shared", "BibleQuiz.Shared\BibleQuiz.Shared.csproj", "{EEFB4408-E48B-4117-948F-F6FEA596867D}"
EndProject
Global
	GlobalSection(SolutionConfigurationPlatforms) = preSolution
		Debug|Any CPU = Debug|Any CPU
		Release|Any CPU = Release|Any CPU
	EndGlobalSection
	GlobalSection(ProjectConfigurationPlatforms) = postSolution
		{37B6982E-659B-4474-A864-6CB70269CFF5}.Debug|Any CPU.ActiveCfg = Debug|Any CPU
		{37B6982E-659B-4474-A864-6CB70269CFF5}.Debug|Any CPU.Build.0 = Debug|Any CPU
		{37B6982E-659B-4474-A864-6CB70269CFF5}.Release|Any CPU.ActiveCfg = Release|Any CPU
		{37B6982E-659B-4474-A864-6CB70269CFF5}.Release|Any CPU.Build.0 = Release|Any CPU
		{B397C14B-D49E-415A-A298-FD403A65D37D}.Debug|Any CPU.ActiveCfg = Debug|Any CPU
		{B397C14B-D49E-415A-A298-FD403A65D37D}.Debug|Any CPU.Build.0 = Debug|Any CPU
		{B397C14B-D49E-415A-A298-FD403A65D37D}.Release|Any CPU.ActiveCfg = Release|Any CPU
		{B397C14B-D49E-415A-A298-FD403A65D37D}.Release|Any CPU.Build.0 = Release|Any CPU
		{1D8226FE-CD9D-4CDC-9599-A2D1C0E6262E}.Debug|Any CPU.ActiveCfg = Debug|Any CPU
		{1D8226FE-CD9D-4CDC-9599-A2D1C0E6262E}.Debug|Any CPU.Build.0 = Debug|Any CPU
		{1D8226FE-CD9D-4CDC-9599-A2D1C0E6262E}.Release|Any CPU.ActiveCfg = Release|Any CPU
		{1D8226FE-CD9D-4CDC-9599-A2D1C0E6262E}.Release|Any CPU.Build.0 = Release|Any CPU
		{FE7BD017-090E-4363-BC59-3CFBD58C344D}.Debug|Any CPU.ActiveCfg = Debug|Any CPU
		{FE7BD017-090E-4363-BC59-3CFBD58C344D}.Debug|Any CPU.Build.0 = Debug|Any CPU
		{FE7BD017-090E-4363-BC59-3CFBD58C344D}.Release|Any CPU.ActiveCfg = Release|Any CPU
		{FE7BD017-090E-4363-BC59-3CFBD58C344D}.Release|Any CPU.Build.0 = Release|Any CPU
		{D91E6334-A6FB-443C-93C8-587E7FA670F0}.Debug|Any CPU.ActiveCfg = Debug|Any CPU
		{D91E6334-A6FB-443C-93C8-587E7FA670F0}.Debug|Any CPU.Build.0 = Debug|Any CPU
		{D91E6334-A6FB-443C-93C8-587E7FA670F0}.Release|Any CPU.ActiveCfg = Release|Any CPU
		{D91E6334-A6FB-443C-93C8-587E7FA670F0}.Release|Any CPU.Build.0 = Release|Any CPU
		{EEFB4408-E48B-4117-948F-F6FEA596867D}.Debug|Any CPU.ActiveCfg = Debug|Any CPU
		{EEFB4408-E48B-4117-948F-F6FEA596867D}.Debug|Any CPU.Build.0 = Debug|Any CPU
		{EEFB4408-E48B-4117-948F-F6FEA596867D}.Release|Any CPU.ActiveCfg = Release|Any CPU
		{EEFB4408-E48B-4117-948F-F6FEA596867D}.Release|Any CPU.Build.0 = Release|Any CPU
	EndGlobalSection
	GlobalSection(SolutionProperties) = preSolution
		HideSolutionNode = FALSE
	EndGlobalSection
	GlobalSection(ExtensibilityGlobals) = postSolution
		SolutionGuid = {9F0684E8-E753-4B36-AE8F-9F018D709C3C}
	EndGlobalSection
EndGlobal
